{
  "name": "mmm-keyboard",
  "version": "1.0.0",
  "lockfileVersion": 1,
  "requires": true,
  "dependencies": {
    "simple-keyboard": {
      "version": "2.29.14",
      "resolved": "https://registry.npmjs.org/simple-keyboard/-/simple-keyboard-2.29.14.tgz",
      "integrity": "sha512-oglQxCTiX4lDSEcdOMzLB4tACqhdppWFi/N0QzbiY8/kxz6laP4iQkvKWCd31WnL4ureHkZnFQI4f5eXEkK4ZA=="
    },
    "swipe-keyboard": {
      "version": "2.1.66",
      "resolved": "https://registry.npmjs.org/swipe-keyboard/-/swipe-keyboard-2.1.66.tgz",
      "integrity": "sha512-Yfz/tBNUCl5tr4zCP60WtKkXDWxUckhmhBFrakek8Wt9gS20kzjCrEFzZNhR13kFn24/x02fpTMehrV+LhtSeA=="
    }
  }
}
